
Microsoft Visual Studio Solution File, Format Version 12.00
# Visual Studio 14
VisualStudioVersion = 14.0.25420.1
MinimumVisualStudioVersion = 10.0.40219.1
Project("{8BC9CEB8-8B4A-11D0-8D11-00A0C91BC942}") = "GrandWildBackbone", "GrandWildBackbone\GrandWildBackbone.vcxproj", "{5A4234BA-9B20-4CD4-B9F0-D7BC800EDB93}"
EndProject
Project("{FAE04EC0-301F-11D3-BF4B-00C04F79EFBC}") = "GrandWild", "GrandWild\GrandWild.csproj", "{4F25170B-F692-487E-92A5-CF0289D0D87D}"
EndProject
Project("{8BC9CEB8-8B4A-11D0-8D11-00A0C91BC942}") = "ShaderImporter", "ShaderImporter\ShaderImporter.vcxproj", "{543731FE-25E4-4ABD-8DE4-83BB36BD7129}"
EndProject
Project("{FAE04EC0-301F-11D3-BF4B-00C04F79EFBC}") = "OnRailShooterDemo", "OnRailShooterDemo\OnRailShooterDemo.csproj", "{8A17849C-3D8F-47AF-AB7D-189CF2E590E7}"
EndProject
Global
	GlobalSection(SolutionConfigurationPlatforms) = preSolution
		Debug|Any CPU = Debug|Any CPU
		Debug|x64 = Debug|x64
		Debug|x86 = Debug|x86
		Release|Any CPU = Release|Any CPU
		Release|x64 = Release|x64
		Release|x86 = Release|x86
	EndGlobalSection
	GlobalSection(ProjectConfigurationPlatforms) = postSolution
		{5A4234BA-9B20-4CD4-B9F0-D7BC800EDB93}.Debug|Any CPU.ActiveCfg = Debug|Win32
		{5A4234BA-9B20-4CD4-B9F0-D7BC800EDB93}.Debug|x64.ActiveCfg = Debug|x64
		{5A4234BA-9B20-4CD4-B9F0-D7BC800EDB93}.Debug|x64.Build.0 = Debug|x64
		{5A4234BA-9B20-4CD4-B9F0-D7BC800EDB93}.Debug|x86.ActiveCfg = Debug|Win32
		{5A4234BA-9B20-4CD4-B9F0-D7BC800EDB93}.Debug|x86.Build.0 = Debug|Win32
		{5A4234BA-9B20-4CD4-B9F0-D7BC800EDB93}.Release|Any CPU.ActiveCfg = Release|Win32
		{5A4234BA-9B20-4CD4-B9F0-D7BC800EDB93}.Release|x64.ActiveCfg = Release|x64
		{5A4234BA-9B20-4CD4-B9F0-D7BC800EDB93}.Release|x64.Build.0 = Release|x64
		{5A4234BA-9B20-4CD4-B9F0-D7BC800EDB93}.Release|x86.ActiveCfg = Release|Win32
		{5A4234BA-9B20-4CD4-B9F0-D7BC800EDB93}.Release|x86.Build.0 = Release|Win32
		{4F25170B-F692-487E-92A5-CF0289D0D87D}.Debug|Any CPU.ActiveCfg = Debug|Any CPU
		{4F25170B-F692-487E-92A5-CF0289D0D87D}.Debug|Any CPU.Build.0 = Debug|Any CPU
		{4F25170B-F692-487E-92A5-CF0289D0D87D}.Debug|x64.ActiveCfg = Debug|Any CPU
		{4F25170B-F692-487E-92A5-CF0289D0D87D}.Debug|x64.Build.0 = Debug|Any CPU
		{4F25170B-F692-487E-92A5-CF0289D0D87D}.Debug|x86.ActiveCfg = Debug|Any CPU
		{4F25170B-F692-487E-92A5-CF0289D0D87D}.Debug|x86.Build.0 = Debug|Any CPU
		{4F25170B-F692-487E-92A5-CF0289D0D87D}.Release|Any CPU.ActiveCfg = Release|Any CPU
		{4F25170B-F692-487E-92A5-CF0289D0D87D}.Release|Any CPU.Build.0 = Release|Any CPU
		{4F25170B-F692-487E-92A5-CF0289D0D87D}.Release|x64.ActiveCfg = Release|Any CPU
		{4F25170B-F692-487E-92A5-CF0289D0D87D}.Release|x64.Build.0 = Release|Any CPU
		{4F25170B-F692-487E-92A5-CF0289D0D87D}.Release|x86.ActiveCfg = Release|Any CPU
		{4F25170B-F692-487E-92A5-CF0289D0D87D}.Release|x86.Build.0 = Release|Any CPU
		{543731FE-25E4-4ABD-8DE4-83BB36BD7129}.Debug|Any CPU.ActiveCfg = Debug|Win32
		{543731FE-25E4-4ABD-8DE4-83BB36BD7129}.Debug|x64.ActiveCfg = Debug|x64
		{543731FE-25E4-4ABD-8DE4-83BB36BD7129}.Debug|x64.Build.0 = Debug|x64
		{543731FE-25E4-4ABD-8DE4-83BB36BD7129}.Debug|x86.ActiveCfg = Debug|Win32
		{543731FE-25E4-4ABD-8DE4-83BB36BD7129}.Debug|x86.Build.0 = Debug|Win32
		{543731FE-25E4-4ABD-8DE4-83BB36BD7129}.Release|Any CPU.ActiveCfg = Release|Win32
		{543731FE-25E4-4ABD-8DE4-83BB36BD7129}.Release|x64.ActiveCfg = Release|x64
		{543731FE-25E4-4ABD-8DE4-83BB36BD7129}.Release|x64.Build.0 = Release|x64
		{543731FE-25E4-4ABD-8DE4-83BB36BD7129}.Release|x86.ActiveCfg = Release|Win32
		{543731FE-25E4-4ABD-8DE4-83BB36BD7129}.Release|x86.Build.0 = Release|Win32
		{8A17849C-3D8F-47AF-AB7D-189CF2E590E7}.Debug|Any CPU.ActiveCfg = Debug|Any CPU
		{8A17849C-3D8F-47AF-AB7D-189CF2E590E7}.Debug|Any CPU.Build.0 = Debug|Any CPU
		{8A17849C-3D8F-47AF-AB7D-189CF2E590E7}.Debug|x64.ActiveCfg = Debug|Any CPU
		{8A17849C-3D8F-47AF-AB7D-189CF2E590E7}.Debug|x64.Build.0 = Debug|Any CPU
		{8A17849C-3D8F-47AF-AB7D-189CF2E590E7}.Debug|x86.ActiveCfg = Debug|Any CPU
		{8A17849C-3D8F-47AF-AB7D-189CF2E590E7}.Debug|x86.Build.0 = Debug|Any CPU
		{8A17849C-3D8F-47AF-AB7D-189CF2E590E7}.Release|Any CPU.ActiveCfg = Release|Any CPU
		{8A17849C-3D8F-47AF-AB7D-189CF2E590E7}.Release|Any CPU.Build.0 = Release|Any CPU
		{8A17849C-3D8F-47AF-AB7D-189CF2E590E7}.Release|x64.ActiveCfg = Release|Any CPU
		{8A17849C-3D8F-47AF-AB7D-189CF2E590E7}.Release|x64.Build.0 = Release|Any CPU
		{8A17849C-3D8F-47AF-AB7D-189CF2E590E7}.Release|x86.ActiveCfg = Release|Any CPU
		{8A17849C-3D8F-47AF-AB7D-189CF2E590E7}.Release|x86.Build.0 = Release|Any CPU
	EndGlobalSection
	GlobalSection(SolutionProperties) = preSolution
		HideSolutionNode = FALSE
	EndGlobalSection
EndGlobal
